version = 1
revision = 3
requires-python = ">=3.13"

[[package]]
name = "agile-elec"
version = "0.1.0"
source = { editable = "." }
dependencies = [
    { name = "polars-genson", extra = ["polars"] },
]

[package.dev-dependencies]
dev = [
    { name = "pdbpp" },
]

[package.metadata]
requires-dist = [{ name = "polars-genson", extras = ["polars"], specifier = ">=0.7.0" }]

[package.metadata.requires-dev]
dev = [{ name = "pdbpp", specifier = ">=0.11.7" }]

[[package]]
name = "fancycompleter"
version = "0.11.1"
source = { registry = "https://pypi.org/simple" }
sdist = { url = "https://files.pythonhosted.org/packages/4e/4c/d11187dee93eff89d082afda79b63c79320ae1347e49485a38f05ad359d0/fancycompleter-0.11.1.tar.gz", hash = "sha256:5b4ad65d76b32b1259251516d0f1cb2d82832b1ff8506697a707284780757f69", size = 341776, upload-time = "2025-05-26T12:59:11.045Z" }
wheels = [
    { url = "https://files.pythonhosted.org/packages/30/c3/6f0e3896f193528bbd2b4d2122d4be8108a37efab0b8475855556a8c4afa/fancycompleter-0.11.1-py3-none-any.whl", hash = "sha256:44243d7fab37087208ca5acacf8f74c0aa4d733d04d593857873af7513cdf8a6", size = 11207, upload-time = "2025-05-26T12:59:09.857Z" },
]

[[package]]
name = "orjson"
version = "3.11.4"
source = { registry = "https://pypi.org/simple" }
sdist = { url = "https://files.pythonhosted.org/packages/c6/fe/ed708782d6709cc60eb4c2d8a361a440661f74134675c72990f2c48c785f/orjson-3.11.4.tar.gz", hash = "sha256:39485f4ab4c9b30a3943cfe99e1a213c4776fb69e8abd68f66b83d5a0b0fdc6d", size = 5945188, upload-time = "2025-10-24T15:50:38.027Z" }
wheels = [
    { url = "https://files.pythonhosted.org/packages/23/15/c52aa7112006b0f3d6180386c3a46ae057f932ab3425bc6f6ac50431cca1/orjson-3.11.4-cp313-cp313-macosx_10_15_x86_64.macosx_11_0_arm64.macosx_10_15_universal2.whl", hash = "sha256:2d6737d0e616a6e053c8b4acc9eccea6b6cce078533666f32d140e4f85002534", size = 243525, upload-time = "2025-10-24T15:49:29.737Z" },
    { url = "https://files.pythonhosted.org/packages/ec/38/05340734c33b933fd114f161f25a04e651b0c7c33ab95e9416ade5cb44b8/orjson-3.11.4-cp313-cp313-macosx_15_0_arm64.whl", hash = "sha256:afb14052690aa328cc118a8e09f07c651d301a72e44920b887c519b313d892ff", size = 128871, upload-time = "2025-10-24T15:49:31.109Z" },
    { url = "https://files.pythonhosted.org/packages/55/b9/ae8d34899ff0c012039b5a7cb96a389b2476e917733294e498586b45472d/orjson-3.11.4-cp313-cp313-manylinux_2_17_aarch64.manylinux2014_aarch64.whl", hash = "sha256:38aa9e65c591febb1b0aed8da4d469eba239d434c218562df179885c94e1a3ad", size = 130055, upload-time = "2025-10-24T15:49:33.382Z" },
    { url = "https://files.pythonhosted.org/packages/33/aa/6346dd5073730451bee3681d901e3c337e7ec17342fb79659ec9794fc023/orjson-3.11.4-cp313-cp313-manylinux_2_17_armv7l.manylinux2014_armv7l.whl", hash = "sha256:f2cf4dfaf9163b0728d061bebc1e08631875c51cd30bf47cb9e3293bfbd7dcd5", size = 129061, upload-time = "2025-10-24T15:49:34.935Z" },
    { url = "https://files.pythonhosted.org/packages/39/e4/8eea51598f66a6c853c380979912d17ec510e8e66b280d968602e680b942/orjson-3.11.4-cp313-cp313-manylinux_2_17_i686.manylinux2014_i686.whl", hash = "sha256:89216ff3dfdde0e4070932e126320a1752c9d9a758d6a32ec54b3b9334991a6a", size = 136541, upload-time = "2025-10-24T15:49:36.923Z" },
    { url = "https://files.pythonhosted.org/packages/9a/47/cb8c654fa9adcc60e99580e17c32b9e633290e6239a99efa6b885aba9dbc/orjson-3.11.4-cp313-cp313-manylinux_2_17_ppc64le.manylinux2014_ppc64le.whl", hash = "sha256:9daa26ca8e97fae0ce8aa5d80606ef8f7914e9b129b6b5df9104266f764ce436", size = 137535, upload-time = "2025-10-24T15:49:38.307Z" },
    { url = "https://files.pythonhosted.org/packages/43/92/04b8cc5c2b729f3437ee013ce14a60ab3d3001465d95c184758f19362f23/orjson-3.11.4-cp313-cp313-manylinux_2_17_s390x.manylinux2014_s390x.whl", hash = "sha256:5c8b2769dc31883c44a9cd126560327767f848eb95f99c36c9932f51090bfce9", size = 136703, upload-time = "2025-10-24T15:49:40.795Z" },
    { url = "https://files.pythonhosted.org/packages/aa/fd/d0733fcb9086b8be4ebcfcda2d0312865d17d0d9884378b7cffb29d0763f/orjson-3.11.4-cp313-cp313-manylinux_2_17_x86_64.manylinux2014_x86_64.whl", hash = "sha256:1469d254b9884f984026bd9b0fa5bbab477a4bfe558bba6848086f6d43eb5e73", size = 136293, upload-time = "2025-10-24T15:49:42.347Z" },
    { url = "https://files.pythonhosted.org/packages/c2/d7/3c5514e806837c210492d72ae30ccf050ce3f940f45bf085bab272699ef4/orjson-3.11.4-cp313-cp313-musllinux_1_2_aarch64.whl", hash = "sha256:68e44722541983614e37117209a194e8c3ad07838ccb3127d96863c95ec7f1e0", size = 140131, upload-time = "2025-10-24T15:49:43.638Z" },
    { url = "https://files.pythonhosted.org/packages/9c/dd/ba9d32a53207babf65bd510ac4d0faaa818bd0df9a9c6f472fe7c254f2e3/orjson-3.11.4-cp313-cp313-musllinux_1_2_armv7l.whl", hash = "sha256:8e7805fda9672c12be2f22ae124dcd7b03928d6c197544fe12174b86553f3196", size = 406164, upload-time = "2025-10-24T15:49:45.498Z" },
    { url = "https://files.pythonhosted.org/packages/8e/f9/f68ad68f4af7c7bde57cd514eaa2c785e500477a8bc8f834838eb696a685/orjson-3.11.4-cp313-cp313-musllinux_1_2_i686.whl", hash = "sha256:04b69c14615fb4434ab867bf6f38b2d649f6f300af30a6705397e895f7aec67a", size = 149859, upload-time = "2025-10-24T15:49:46.981Z" },
    { url = "https://files.pythonhosted.org/packages/b6/d2/7f847761d0c26818395b3d6b21fb6bc2305d94612a35b0a30eae65a22728/orjson-3.11.4-cp313-cp313-musllinux_1_2_x86_64.whl", hash = "sha256:639c3735b8ae7f970066930e58cf0ed39a852d417c24acd4a25fc0b3da3c39a6", size = 139926, upload-time = "2025-10-24T15:49:48.321Z" },
    { url = "https://files.pythonhosted.org/packages/9f/37/acd14b12dc62db9a0e1d12386271b8661faae270b22492580d5258808975/orjson-3.11.4-cp313-cp313-win32.whl", hash = "sha256:6c13879c0d2964335491463302a6ca5ad98105fc5db3565499dcb80b1b4bd839", size = 136007, upload-time = "2025-10-24T15:49:49.938Z" },
    { url = "https://files.pythonhosted.org/packages/c0/a9/967be009ddf0a1fffd7a67de9c36656b28c763659ef91352acc02cbe364c/orjson-3.11.4-cp313-cp313-win_amd64.whl", hash = "sha256:09bf242a4af98732db9f9a1ec57ca2604848e16f132e3f72edfd3c5c96de009a", size = 131314, upload-time = "2025-10-24T15:49:51.248Z" },
    { url = "https://files.pythonhosted.org/packages/cb/db/399abd6950fbd94ce125cb8cd1a968def95174792e127b0642781e040ed4/orjson-3.11.4-cp313-cp313-win_arm64.whl", hash = "sha256:a85f0adf63319d6c1ba06fb0dbf997fced64a01179cf17939a6caca662bf92de", size = 126152, upload-time = "2025-10-24T15:49:52.922Z" },
    { url = "https://files.pythonhosted.org/packages/25/e3/54ff63c093cc1697e758e4fceb53164dd2661a7d1bcd522260ba09f54533/orjson-3.11.4-cp314-cp314-macosx_10_15_x86_64.macosx_11_0_arm64.macosx_10_15_universal2.whl", hash = "sha256:42d43a1f552be1a112af0b21c10a5f553983c2a0938d2bbb8ecd8bc9fb572803", size = 243501, upload-time = "2025-10-24T15:49:54.288Z" },
    { url = "https://files.pythonhosted.org/packages/ac/7d/e2d1076ed2e8e0ae9badca65bf7ef22710f93887b29eaa37f09850604e09/orjson-3.11.4-cp314-cp314-macosx_15_0_arm64.whl", hash = "sha256:26a20f3fbc6c7ff2cb8e89c4c5897762c9d88cf37330c6a117312365d6781d54", size = 128862, upload-time = "2025-10-24T15:49:55.961Z" },
    { url = "https://files.pythonhosted.org/packages/9f/37/ca2eb40b90621faddfa9517dfe96e25f5ae4d8057a7c0cdd613c17e07b2c/orjson-3.11.4-cp314-cp314-manylinux_2_17_aarch64.manylinux2014_aarch64.whl", hash = "sha256:6e3f20be9048941c7ffa8fc523ccbd17f82e24df1549d1d1fe9317712d19938e", size = 130047, upload-time = "2025-10-24T15:49:57.406Z" },
    { url = "https://files.pythonhosted.org/packages/c7/62/1021ed35a1f2bad9040f05fa4cc4f9893410df0ba3eaa323ccf899b1c90a/orjson-3.11.4-cp314-cp314-manylinux_2_17_armv7l.manylinux2014_armv7l.whl", hash = "sha256:aac364c758dc87a52e68e349924d7e4ded348dedff553889e4d9f22f74785316", size = 129073, upload-time = "2025-10-24T15:49:58.782Z" },
    { url = "https://files.pythonhosted.org/packages/e8/3f/f84d966ec2a6fd5f73b1a707e7cd876813422ae4bf9f0145c55c9c6a0f57/orjson-3.11.4-cp314-cp314-manylinux_2_17_i686.manylinux2014_i686.whl", hash = "sha256:d5c54a6d76e3d741dcc3f2707f8eeb9ba2a791d3adbf18f900219b62942803b1", size = 136597, upload-time = "2025-10-24T15:50:00.12Z" },
    { url = "https://files.pythonhosted.org/packages/32/78/4fa0aeca65ee82bbabb49e055bd03fa4edea33f7c080c5c7b9601661ef72/orjson-3.11.4-cp314-cp314-manylinux_2_17_ppc64le.manylinux2014_ppc64le.whl", hash = "sha256:f28485bdca8617b79d44627f5fb04336897041dfd9fa66d383a49d09d86798bc", size = 137515, upload-time = "2025-10-24T15:50:01.57Z" },
    { url = "https://files.pythonhosted.org/packages/c1/9d/0c102e26e7fde40c4c98470796d050a2ec1953897e2c8ab0cb95b0759fa2/orjson-3.11.4-cp314-cp314-manylinux_2_17_s390x.manylinux2014_s390x.whl", hash = "sha256:bfc2a484cad3585e4ba61985a6062a4c2ed5c7925db6d39f1fa267c9d166487f", size = 136703, upload-time = "2025-10-24T15:50:02.944Z" },
    { url = "https://files.pythonhosted.org/packages/df/ac/2de7188705b4cdfaf0b6c97d2f7849c17d2003232f6e70df98602173f788/orjson-3.11.4-cp314-cp314-manylinux_2_17_x86_64.manylinux2014_x86_64.whl", hash = "sha256:e34dbd508cb91c54f9c9788923daca129fe5b55c5b4eebe713bf5ed3791280cf", size = 136311, upload-time = "2025-10-24T15:50:04.441Z" },
    { url = "https://files.pythonhosted.org/packages/e0/52/847fcd1a98407154e944feeb12e3b4d487a0e264c40191fb44d1269cbaa1/orjson-3.11.4-cp314-cp314-musllinux_1_2_aarch64.whl", hash = "sha256:b13c478fa413d4b4ee606ec8e11c3b2e52683a640b006bb586b3041c2ca5f606", size = 140127, upload-time = "2025-10-24T15:50:07.398Z" },
    { url = "https://files.pythonhosted.org/packages/c1/ae/21d208f58bdb847dd4d0d9407e2929862561841baa22bdab7aea10ca088e/orjson-3.11.4-cp314-cp314-musllinux_1_2_armv7l.whl", hash = "sha256:724ca721ecc8a831b319dcd72cfa370cc380db0bf94537f08f7edd0a7d4e1780", size = 406201, upload-time = "2025-10-24T15:50:08.796Z" },
    { url = "https://files.pythonhosted.org/packages/8d/55/0789d6de386c8366059db098a628e2ad8798069e94409b0d8935934cbcb9/orjson-3.11.4-cp314-cp314-musllinux_1_2_i686.whl", hash = "sha256:977c393f2e44845ce1b540e19a786e9643221b3323dae190668a98672d43fb23", size = 149872, upload-time = "2025-10-24T15:50:10.234Z" },
    { url = "https://files.pythonhosted.org/packages/cc/1d/7ff81ea23310e086c17b41d78a72270d9de04481e6113dbe2ac19118f7fb/orjson-3.11.4-cp314-cp314-musllinux_1_2_x86_64.whl", hash = "sha256:1e539e382cf46edec157ad66b0b0872a90d829a6b71f17cb633d6c160a223155", size = 139931, upload-time = "2025-10-24T15:50:11.623Z" },
    { url = "https://files.pythonhosted.org/packages/77/92/25b886252c50ed64be68c937b562b2f2333b45afe72d53d719e46a565a50/orjson-3.11.4-cp314-cp314-win32.whl", hash = "sha256:d63076d625babab9db5e7836118bdfa086e60f37d8a174194ae720161eb12394", size = 136065, upload-time = "2025-10-24T15:50:13.025Z" },
    { url = "https://files.pythonhosted.org/packages/63/b8/718eecf0bb7e9d64e4956afaafd23db9f04c776d445f59fe94f54bdae8f0/orjson-3.11.4-cp314-cp314-win_amd64.whl", hash = "sha256:0a54d6635fa3aaa438ae32e8570b9f0de36f3f6562c308d2a2a452e8b0592db1", size = 131310, upload-time = "2025-10-24T15:50:14.46Z" },
    { url = "https://files.pythonhosted.org/packages/1a/bf/def5e25d4d8bfce296a9a7c8248109bf58622c21618b590678f945a2c59c/orjson-3.11.4-cp314-cp314-win_arm64.whl", hash = "sha256:78b999999039db3cf58f6d230f524f04f75f129ba3d1ca2ed121f8657e575d3d", size = 126151, upload-time = "2025-10-24T15:50:15.878Z" },
]

[[package]]
name = "pdbpp"
version = "0.11.7"
source = { registry = "https://pypi.org/simple" }
dependencies = [
    { name = "fancycompleter" },
    { name = "pygments" },
]
sdist = { url = "https://files.pythonhosted.org/packages/c6/4c/118ef9534ac0632859b48c305d8c5dc9d6f963564fdfa66bc785c560247c/pdbpp-0.11.7.tar.gz", hash = "sha256:cb6604ac31a35ed0f2a29650a8c022b26284620be3e01cfd41b683b91da1ff14", size = 76026, upload-time = "2025-07-18T09:36:02.781Z" }
wheels = [
    { url = "https://files.pythonhosted.org/packages/99/e9/704bbc08aace64fee536e4c2c20f63f64f6fdbad72938c5ed46c9723a9f1/pdbpp-0.11.7-py3-none-any.whl", hash = "sha256:51916b63693898cf4881b36b4501c83947758d73f582f1f84893662b163bdb75", size = 30545, upload-time = "2025-07-18T09:36:01.478Z" },
]

[[package]]
name = "polars"
version = "1.34.0"
source = { registry = "https://pypi.org/simple" }
dependencies = [
    { name = "polars-runtime-32" },
]
sdist = { url = "https://files.pythonhosted.org/packages/a1/3e/35fcf5bf51404371bb172b289a5065778dc97adca4416e199c294125eb05/polars-1.34.0.tar.gz", hash = "sha256:5de5f871027db4b11bcf39215a2d6b13b4a80baf8a55c5862d4ebedfd5cd4013", size = 684309, upload-time = "2025-10-02T18:31:04.396Z" }
wheels = [
    { url = "https://files.pythonhosted.org/packages/6b/80/1791ac226bb989bef30fe8fde752b2021b6ec5dfd6e880262596aedf4c05/polars-1.34.0-py3-none-any.whl", hash = "sha256:40d2f357b4d9e447ad28bd2c9923e4318791a7c18eb68f31f1fbf11180f41391", size = 772686, upload-time = "2025-10-02T18:29:59.492Z" },
]

[[package]]
name = "polars-genson"
version = "0.7.0"
source = { registry = "https://pypi.org/simple" }
dependencies = [
    { name = "orjson" },
]
sdist = { url = "https://files.pythonhosted.org/packages/bd/de/31a27ba6c8a95a37b62b02851882f6d75984046705f73d7ddc61ec22676e/polars_genson-0.7.0.tar.gz", hash = "sha256:d2bf70d6817b7189132cb5c5af62322299de24d6b8def26091d9028322637a0f", size = 24360468, upload-time = "2025-10-11T22:16:28.656Z" }
wheels = [
    { url = "https://files.pythonhosted.org/packages/74/f5/cda3438fc4c72f169e0a6dc6dd3f7e0d13170fad8e0ad0355db93c988294/polars_genson-0.7.0-cp39-abi3-macosx_10_12_x86_64.whl", hash = "sha256:fa39b2926cb0765a967915d54c8f701fc9fd0499b03ebe56b39266bccfd8e4e0", size = 8642683, upload-time = "2025-10-11T22:16:25.24Z" },
    { url = "https://files.pythonhosted.org/packages/28/dc/5bb47252e3120a29c856d288e22b19f37de98b26791aa2b23c3e6afbc6a6/polars_genson-0.7.0-cp39-abi3-macosx_11_0_arm64.whl", hash = "sha256:bac7e1605d25c6ffe33b2b377d52332f64b4fd2004a51634f2047f16a9fbed13", size = 7484817, upload-time = "2025-10-11T22:16:23.246Z" },
    { url = "https://files.pythonhosted.org/packages/a4/c4/f79fec596aabfe0bf3306cf069fe3ba846501b7add8f2484b90cd6e2aee0/polars_genson-0.7.0-cp39-abi3-manylinux_2_17_x86_64.manylinux2014_x86_64.whl", hash = "sha256:62745aa2d2b28c52a1ea6fc90a20fe6e2ab9dcdff4947bf109cc8158c4dcc25a", size = 8853322, upload-time = "2025-10-11T22:16:20.679Z" },
    { url = "https://files.pythonhosted.org/packages/02/87/166ebc1a72914332b1a97a978ae5a791d7a3f2907a66a6be85c4c13dcae3/polars_genson-0.7.0-cp39-abi3-win_amd64.whl", hash = "sha256:bd41ee45aedb96feda6a80987d5f882f610d8de4dd120bda5a249bf86e2b1f2f", size = 9295577, upload-time = "2025-10-11T22:16:31.65Z" },
]

[package.optional-dependencies]
polars = [
    { name = "polars" },
]

[[package]]
name = "polars-runtime-32"
version = "1.34.0"
source = { registry = "https://pypi.org/simple" }
sdist = { url = "https://files.pythonhosted.org/packages/02/10/1189afb14cc47ed215ccf7fbd00ed21c48edfd89e51c16f8628a33ae4b1b/polars_runtime_32-1.34.0.tar.gz", hash = "sha256:ebe6f865128a0d833f53a3f6828360761ad86d1698bceb22bef9fd999500dc1c", size = 2634491, upload-time = "2025-10-02T18:31:05.502Z" }
wheels = [
    { url = "https://files.pythonhosted.org/packages/97/35/bc4f1a9dcef61845e8e4e5d2318470b002b93a3564026f0643f562761ecb/polars_runtime_32-1.34.0-cp39-abi3-macosx_10_12_x86_64.whl", hash = "sha256:2878f9951e91121afe60c25433ef270b9a221e6ebf3de5f6642346b38cab3f03", size = 39655423, upload-time = "2025-10-02T18:30:02.846Z" },
    { url = "https://files.pythonhosted.org/packages/a6/bb/d655a103e75b7c81c47a3c2d276be0200c0c15cfb6fd47f17932ddcf7519/polars_runtime_32-1.34.0-cp39-abi3-macosx_11_0_arm64.whl", hash = "sha256:fbc329c7d34a924228cc5dcdbbd4696d94411a3a5b15ad8bb868634c204e1951", size = 35986049, upload-time = "2025-10-02T18:30:05.848Z" },
    { url = "https://files.pythonhosted.org/packages/9e/ce/11ca850b7862cb43605e5d86cdf655614376e0a059871cf8305af5406554/polars_runtime_32-1.34.0-cp39-abi3-manylinux_2_17_x86_64.manylinux2014_x86_64.whl", hash = "sha256:93fa51d88a2d12ea996a5747aad5647d22a86cce73c80f208e61f487b10bc448", size = 40261269, upload-time = "2025-10-02T18:30:08.48Z" },
    { url = "https://files.pythonhosted.org/packages/d8/25/77d12018c35489e19f7650b40679714a834effafc25d61e8dcee7c4fafce/polars_runtime_32-1.34.0-cp39-abi3-manylinux_2_24_aarch64.whl", hash = "sha256:79e4d696392c6d8d51f4347f0b167c52eef303c9d87093c0c68e8651198735b7", size = 37049077, upload-time = "2025-10-02T18:30:11.162Z" },
    { url = "https://files.pythonhosted.org/packages/e2/75/c30049d45ea1365151f86f650ed5354124ff3209f0abe588664c8eb13a31/polars_runtime_32-1.34.0-cp39-abi3-win_amd64.whl", hash = "sha256:2501d6b29d9001ea5ea2fd9b598787e10ddf45d8c4a87c2bead75159e8a15711", size = 40105782, upload-time = "2025-10-02T18:30:14.597Z" },
    { url = "https://files.pythonhosted.org/packages/a3/31/84efa27aa3478c8670bac1a720c8b1aee5c58c9c657c980e5e5c47fde883/polars_runtime_32-1.34.0-cp39-abi3-win_arm64.whl", hash = "sha256:f9ed1765378dfe0bcd1ac5ec570dd9eab27ea728bbc980cc9a76eebc55586559", size = 35873216, upload-time = "2025-10-02T18:30:17.439Z" },
]

[[package]]
name = "pygments"
version = "2.19.2"
source = { registry = "https://pypi.org/simple" }
sdist = { url = "https://files.pythonhosted.org/packages/b0/77/a5b8c569bf593b0140bde72ea885a803b82086995367bf2037de0159d924/pygments-2.19.2.tar.gz", hash = "sha256:636cb2477cec7f8952536970bc533bc43743542f70392ae026374600add5b887", size = 4968631, upload-time = "2025-06-21T13:39:12.283Z" }
wheels = [
    { url = "https://files.pythonhosted.org/packages/c7/21/705964c7812476f378728bdf590ca4b771ec72385c533964653c68e86bdc/pygments-2.19.2-py3-none-any.whl", hash = "sha256:86540386c03d588bb81d44bc3928634ff26449851e99741617ecb9037ee5ec0b", size = 1225217, upload-time = "2025-06-21T13:39:07.939Z" },
]
